
Microsoft Visual Studio Solution File, Format Version 12.00
# Visual Studio Version 16
VisualStudioVersion = 16.0.28803.202
MinimumVisualStudioVersion = 10.0.40219.1
Project("{E24C65DC-7377-472B-9ABA-BC803B73C61A}") = "Master Page", ".", "{08B1F11B-8682-4BB5-BEDC-FF72562AA9CE}"
	ProjectSection(WebsiteProperties) = preProject
		TargetFrameworkMoniker = ".NETFramework,Version%3Dv4.0"
		Debug.AspNetCompiler.VirtualPath = "/localhost_50721"
		Debug.AspNetCompiler.PhysicalPath = "..\Master Page\"
		Debug.AspNetCompiler.TargetPath = "PrecompiledWeb\localhost_50721\"
		Debug.AspNetCompiler.Updateable = "true"
		Debug.AspNetCompiler.ForceOverwrite = "true"
		Debug.AspNetCompiler.FixedNames = "false"
		Debug.AspNetCompiler.Debug = "True"
		Release.AspNetCompiler.VirtualPath = "/localhost_50721"
		Release.AspNetCompiler.PhysicalPath = "..\Master Page\"
		Release.AspNetCompiler.TargetPath = "PrecompiledWeb\localhost_50721\"
		Release.AspNetCompiler.Updateable = "true"
		Release.AspNetCompiler.ForceOverwrite = "true"
		Release.AspNetCompiler.FixedNames = "false"
		Release.AspNetCompiler.Debug = "False"
		VWDPort = "50721"
		SlnRelativePath = "..\Master Page\"
	EndProjectSection
EndProject
Global
	GlobalSection(SolutionConfigurationPlatforms) = preSolution
		Debug|Any CPU = Debug|Any CPU
	EndGlobalSection
	GlobalSection(ProjectConfigurationPlatforms) = postSolution
		{08B1F11B-8682-4BB5-BEDC-FF72562AA9CE}.Debug|Any CPU.ActiveCfg = Debug|Any CPU
		{08B1F11B-8682-4BB5-BEDC-FF72562AA9CE}.Debug|Any CPU.Build.0 = Debug|Any CPU
	EndGlobalSection
	GlobalSection(SolutionProperties) = preSolution
		HideSolutionNode = FALSE
	EndGlobalSection
	GlobalSection(ExtensibilityGlobals) = postSolution
		SolutionGuid = {7F3486A0-1CDC-4833-A4E2-1A4F256B2D74}
	EndGlobalSection
EndGlobal
